
Microsoft Visual Studio Solution File, Format Version 12.00
# Visual Studio Version 17
VisualStudioVersion = 17.10.35013.160
MinimumVisualStudioVersion = 10.0.40219.1
Project("{FAE04EC0-301F-11D3-BF4B-00C04F79EFBC}") = "PerfMeterWinForms", "PerfMeterWinForms\PerfMeterWinForms.csproj", "{0DC7FBA3-FB1E-40F3-9A20-0323C0D1A438}"
EndProject
Global
	GlobalSection(SolutionConfigurationPlatforms) = preSolution
		Debug|Any CPU = Debug|Any CPU
		Release|Any CPU = Release|Any CPU
	EndGlobalSection
	GlobalSection(ProjectConfigurationPlatforms) = postSolution
		{0DC7FBA3-FB1E-40F3-9A20-0323C0D1A438}.Debug|Any CPU.ActiveCfg = Debug|Any CPU
		{0DC7FBA3-FB1E-40F3-9A20-0323C0D1A438}.Debug|Any CPU.Build.0 = Debug|Any CPU
		{0DC7FBA3-FB1E-40F3-9A20-0323C0D1A438}.Release|Any CPU.ActiveCfg = Release|Any CPU
		{0DC7FBA3-FB1E-40F3-9A20-0323C0D1A438}.Release|Any CPU.Build.0 = Release|Any CPU
	EndGlobalSection
	GlobalSection(SolutionProperties) = preSolution
		HideSolutionNode = FALSE
	EndGlobalSection
	GlobalSection(ExtensibilityGlobals) = postSolution
		SolutionGuid = {BAE3D613-22EA-4EFE-BD6C-89E579347E65}
	EndGlobalSection
EndGlobal
